// !$*UTF8*$!
{
	archiveVersion = 1;
	classes = {
	};
	objectVersion = 46;
	objects = {

/* Begin PBXBuildFile section */
		3945671E1F3ABB4E0079D5F1 /* AppDelegate.swift in Sources */ = {isa = PBXBuildFile; fileRef = 3945671D1F3ABB4E0079D5F1 /* AppDelegate.swift */; };
		394567201F3ABB4E0079D5F1 /* ViewController.swift in Sources */ = {isa = PBXBuildFile; fileRef = 3945671F1F3ABB4E0079D5F1 /* ViewController.swift */; };
		394567231F3ABB4E0079D5F1 /* Main.storyboard in Resources */ = {isa = PBXBuildFile; fileRef = 394567211F3ABB4E0079D5F1 /* Main.storyboard */; };
		394567251F3ABB4E0079D5F1 /* Assets.xcassets in Resources */ = {isa = PBXBuildFile; fileRef = 394567241F3ABB4E0079D5F1 /* Assets.xcassets */; };
		394567281F3ABB4E0079D5F1 /* LaunchScreen.storyboard in Resources */ = {isa = PBXBuildFile; fileRef = 394567261F3ABB4E0079D5F1 /* LaunchScreen.storyboard */; };
		394567311F3ABF250079D5F1 /* CalculatorModel.swift in Sources */ = {isa = PBXBuildFile; fileRef = 394567301F3ABF250079D5F1 /* CalculatorModel.swift */; };
/* End PBXBuildFile section */

/* Begin PBXFileReference section */
		3945671A1F3ABB4E0079D5F1 /* calculator.app */ = {isa = PBXFileReference; explicitFileType = wrapper.application; includeInIndex = 0; path = calculator.app; sourceTree = BUILT_PRODUCTS_DIR; };
		3945671D1F3ABB4E0079D5F1 /* AppDelegate.swift */ = {isa = PBXFileReference; lastKnownFileType = sourcecode.swift; path = AppDelegate.swift; sourceTree = "<group>"; };
		3945671F1F3ABB4E0079D5F1 /* ViewController.swift */ = {isa = PBXFileReference; lastKnownFileType = sourcecode.swift; path = ViewController.swift; sourceTree = "<group>"; };
		394567221F3ABB4E0079D5F1 /* Base */ = {isa = PBXFileReference; lastKnownFileType = file.storyboard; name = Base; path = Base.lproj/Main.storyboard; sourceTree = "<group>"; };
		394567241F3ABB4E0079D5F1 /* Assets.xcassets */ = {isa = PBXFileReference; lastKnownFileType = folder.assetcatalog; path = Assets.xcassets; sourceTree = "<group>"; };
		394567271F3ABB4E0079D5F1 /* Base */ = {isa = PBXFileReference; lastKnownFileType = file.storyboard; name = Base; path = Base.lproj/LaunchScreen.storyboard; sourceTree = "<group>"; };
		394567291F3ABB4E0079D5F1 /* Info.plist */ = {isa = PBXFileReference; lastKnownFileType = text.plist.xml; path = Info.plist; sourceTree = "<group>"; };
		394567301F3ABF250079D5F1 /* CalculatorModel.swift */ = {isa = PBXFileReference; fileEncoding = 4; lastKnownFileType = sourcecode.swift; path = CalculatorModel.swift; sourceTree = "<group>"; };
/* End PBXFileReference section */

/* Begin PBXFrameworksBuildPhase section */
		394567171F3ABB4E0079D5F1 /* Frameworks */ = {
			isa = PBXFrameworksBuildPhase;
			buildActionMask = 2147483647;
			files = (
			);
			runOnlyForDeploymentPostprocessing = 0;
		};
/* End PBXFrameworksBuildPhase section */

/* Begin PBXGroup section */
		394567111F3ABB4E0079D5F1 = {
			isa = PBXGroup;
			children = (
				3945671C1F3ABB4E0079D5F1 /* calculator */,
				3945671B1F3ABB4E0079D5F1 /* Products */,
			);
			sourceTree = "<group>";
		};
		3945671B1F3ABB4E0079D5F1 /* Products */ = {
			isa = PBXGroup;
			children = (
				3945671A1F3ABB4E0079D5F1 /* calculator.app */,
			);
			name = Products;
			sourceTree = "<group>";
		};
		3945671C1F3ABB4E0079D5F1 /* calculator */ = {
			isa = PBXGroup;
			children = (
				3945672F1F3ABB660079D5F1 /* Support */,
				3945671F1F3ABB4E0079D5F1 /* ViewController.swift */,
				394567211F3ABB4E0079D5F1 /* Main.storyboard */,
				394567301F3ABF250079D5F1 /* CalculatorModel.swift */,
			);
			path = calculator;
			sourceTree = "<group>";
		};
		3945672F1F3ABB660079D5F1 /* Support */ = {
			isa = PBXGroup;
			children = (
				3945671D1F3ABB4E0079D5F1 /* AppDelegate.swift */,
				394567241F3ABB4E0079D5F1 /* Assets.xcassets */,
				394567261F3ABB4E0079D5F1 /* LaunchScreen.storyboard */,
				394567291F3ABB4E0079D5F1 /* Info.plist */,
			);
			name = Support;
			sourceTree = "<group>";
		};
/* End PBXGroup section */

/* Begin PBXNativeTarget section */
		394567191F3ABB4E0079D5F1 /* calculator */ = {
			isa = PBXNativeTarget;
			buildConfigurationList = 3945672C1F3ABB4E0079D5F1 /* Build configuration list for PBXNativeTarget "calculator" */;
			buildPhases = (
				394567161F3ABB4E0079D5F1 /* Sources */,
				394567171F3ABB4E0079D5F1 /* Frameworks */,
				394567181F3ABB4E0079D5F1 /* Resources */,
			);
			buildRules = (
			);
			dependencies = (
			);
			name = calculator;
			productName = calculator;
			productReference = 3945671A1F3ABB4E0079D5F1 /* calculator.app */;
			productType = "com.apple.product-type.application";
		};
/* End PBXNativeTarget section */

/* Begin PBXProject section */
		394567121F3ABB4E0079D5F1 /* Project object */ = {
			isa = PBXProject;
			attributes = {
				LastSwiftUpdateCheck = 0830;
				LastUpgradeCheck = 0830;
				ORGANIZATIONNAME = "Matthew Bresnan";
				TargetAttributes = {
					394567191F3ABB4E0079D5F1 = {
						CreatedOnToolsVersion = 8.3.3;
						ProvisioningStyle = Automatic;
					};
				};
			};
			buildConfigurationList = 394567151F3ABB4E0079D5F1 /* Build configuration list for PBXProject "calculator" */;
			compatibilityVersion = "Xcode 3.2";
			developmentRegion = English;
			hasScannedForEncodings = 0;
			knownRegions = (
				en,
				Base,
			);
			mainGroup = 394567111F3ABB4E0079D5F1;
			productRefGroup = 3945671B1F3ABB4E0079D5F1 /* Products */;
			projectDirPath = "";
			projectRoot = "";
			targets = (
				394567191F3ABB4E0079D5F1 /* calculator */,
			);
		};
/* End PBXProject section */

/* Begin PBXResourcesBuildPhase section */
		394567181F3ABB4E0079D5F1 /* Resources */ = {
			isa = PBXResourcesBuildPhase;
			buildActionMask = 2147483647;
			files = (
				394567281F3ABB4E0079D5F1 /* LaunchScreen.storyboard in Resources */,
				394567251F3ABB4E0079D5F1 /* Assets.xcassets in Resources */,
				394567231F3ABB4E0079D5F1 /* Main.storyboard in Resources */,
			);
			runOnlyForDeploymentPostprocessing = 0;
		};
/* End PBXResourcesBuildPhase section */

/* Begin PBXSourcesBuildPhase section */
		394567161F3ABB4E0079D5F1 /* Sources */ = {
			isa = PBXSourcesBuildPhase;
			buildActionMask = 2147483647;
			files = (
				394567311F3ABF250079D5F1 /* CalculatorModel.swift in Sources */,
				394567201F3ABB4E0079D5F1 /* ViewController.swift in Sources */,
				3945671E1F3ABB4E0079D5F1 /* AppDelegate.swift in Sources */,
			);
			runOnlyForDeploymentPostprocessing = 0;
		};
/* End PBXSourcesBuildPhase section */

/* Begin PBXVariantGroup section */
		394567211F3ABB4E0079D5F1 /* Main.storyboard */ = {
			isa = PBXVariantGroup;
			children = (
				394567221F3ABB4E0079D5F1 /* Base */,
			);
			name = Main.storyboard;
			sourceTree = "<group>";
		};
		394567261F3ABB4E0079D5F1 /* LaunchScreen.storyboard */ = {
			isa = PBXVariantGroup;
			children = (
				394567271F3ABB4E0079D5F1 /* Base */,
			);
			name = LaunchScreen.storyboard;
			sourceTree = "<group>";
		};
/* End PBXVariantGroup section */

/* Begin XCBuildConfiguration section */
		3945672A1F3ABB4E0079D5F1 /* Debug */ = {
			isa = XCBuildConfiguration;
			buildSettings = {
				ALWAYS_SEARCH_USER_PATHS = NO;
				CLANG_ANALYZER_NONNULL = YES;
				CLANG_ANALYZER_NUMBER_OBJECT_CONVERSION = YES_AGGRESSIVE;
				CLANG_CXX_LANGUAGE_STANDARD = "gnu++0x";
				CLANG_CXX_LIBRARY = "libc++";
				CLANG_ENABLE_MODULES = YES;
				CLANG_ENABLE_OBJC_ARC = YES;
				CLANG_WARN_BOOL_CONVERSION = YES;
				CLANG_WARN_CONSTANT_CONVERSION = YES;
				CLANG_WARN_DIRECT_OBJC_ISA_USAGE = YES_ERROR;
				CLANG_WARN_DOCUMENTATION_COMMENTS = YES;
				CLANG_WARN_EMPTY_BODY = YES;
				CLANG_WARN_ENUM_CONVERSION = YES;
				CLANG_WARN_INFINITE_RECURSION = YES;
				CLANG_WARN_INT_CONVERSION = YES;
				CLANG_WARN_OBJC_ROOT_CLASS = YES_ERROR;
				CLANG_WARN_SUSPICIOUS_MOVE = YES;
				CLANG_WARN_UNREACHABLE_CODE = YES;
				CLANG_WARN__DUPLICATE_METHOD_MATCH = YES;
				"CODE_SIGN_IDENTITY[sdk=iphoneos*]" = "iPhone Developer";
				COPY_PHASE_STRIP = NO;
				DEBUG_INFORMATION_FORMAT = dwarf;
				ENABLE_STRICT_OBJC_MSGSEND = YES;
				ENABLE_TESTABILITY = YES;
				GCC_C_LANGUAGE_STANDARD = gnu99;
				GCC_DYNAMIC_NO_PIC = NO;
				GCC_NO_COMMON_BLOCKS = YES;
				GCC_OPTIMIZATION_LEVEL = 0;
				GCC_PREPROCESSOR_DEFINITIONS = (
					"DEBUG=1",
					"$(inherited)",
				);
				GCC_WARN_64_TO_32_BIT_CONVERSION = YES;
				GCC_WARN_ABOUT_RETURN_TYPE = YES_ERROR;
				GCC_WARN_UNDECLARED_SELECTOR = YES;
				GCC_WARN_UNINITIALIZED_AUTOS = YES_AGGRESSIVE;
				GCC_WARN_UNUSED_FUNCTION = YES;
				GCC_WARN_UNUSED_VARIABLE = YES;
				IPHONEOS_DEPLOYMENT_TARGET = 10.3;
				MTL_ENABLE_DEBUG_INFO = YES;
				ONLY_ACTIVE_ARCH = YES;
				SDKROOT = iphoneos;
				SWIFT_ACTIVE_COMPILATION_CONDITIONS = DEBUG;
				SWIFT_OPTIMIZATION_LEVEL = "-Onone";
				TARGETED_DEVICE_FAMILY = "1,2";
			};
			name = Debug;
		};
		3945672B1F3ABB4E0079D5F1 /* Release */ = {
			isa = XCBuildConfiguration;
			buildSettings = {
				ALWAYS_SEARCH_USER_PATHS = NO;
				CLANG_ANALYZER_NONNULL = YES;
				CLANG_ANALYZER_NUMBER_OBJECT_CONVERSION = YES_AGGRESSIVE;
				CLANG_CXX_LANGUAGE_STANDARD = "gnu++0x";
				CLANG_CXX_LIBRARY = "libc++";
				CLANG_ENABLE_MODULES = YES;
				CLANG_ENABLE_OBJC_ARC = YES;
				CLANG_WARN_BOOL_CONVERSION = YES;
				CLANG_WARN_CONSTANT_CONVERSION = YES;
				CLANG_WARN_DIRECT_OBJC_ISA_USAGE = YES_ERROR;
				CLANG_WARN_DOCUMENTATION_COMMENTS = YES;
				CLANG_WARN_EMPTY_BODY = YES;
				CLANG_WARN_ENUM_CONVERSION = YES;
				CLANG_WARN_INFINITE_RECURSION = YES;
				CLANG_WARN_INT_CONVERSION = YES;
				CLANG_WARN_OBJC_ROOT_CLASS = YES_ERROR;
				CLANG_WARN_SUSPICIOUS_MOVE = YES;
				CLANG_WARN_UNREACHABLE_CODE = YES;
				CLANG_WARN__DUPLICATE_METHOD_MATCH = YES;
				"CODE_SIGN_IDENTITY[sdk=iphoneos*]" = "iPhone Developer";
				COPY_PHASE_STRIP = NO;
				DEBUG_INFORMATION_FORMAT = "dwarf-with-dsym";
				ENABLE_NS_ASSERTIONS = NO;
				ENABLE_STRICT_OBJC_MSGSEND = YES;
				GCC_C_LANGUAGE_STANDARD = gnu99;
				GCC_NO_COMMON_BLOCKS = YES;
				GCC_WARN_64_TO_32_BIT_CONVERSION = YES;
				GCC_WARN_ABOUT_RETURN_TYPE = YES_ERROR;
				GCC_WARN_UNDECLARED_SELECTOR = YES;
				GCC_WARN_UNINITIALIZED_AUTOS = YES_AGGRESSIVE;
				GCC_WARN_UNUSED_FUNCTION = YES;
				GCC_WARN_UNUSED_VARIABLE = YES;
				IPHONEOS_DEPLOYMENT_TARGET = 10.3;
				MTL_ENABLE_DEBUG_INFO = NO;
				SDKROOT = iphoneos;
				SWIFT_OPTIMIZATION_LEVEL = "-Owholemodule";
				TARGETED_DEVICE_FAMILY = "1,2";
				VALIDATE_PRODUCT = YES;
			};
			name = Release;
		};
		3945672D1F3ABB4E0079D5F1 /* Debug */ = {
			isa = XCBuildConfiguration;
			buildSettings = {
				ASSETCATALOG_COMPILER_APPICON_NAME = AppIcon;
				INFOPLIST_FILE = calculator/Info.plist;
				LD_RUNPATH_SEARCH_PATHS = "$(inherited) @executable_path/Frameworks";
				PRODUCT_BUNDLE_IDENTIFIER = com.mwbresnan.calculator;
				PRODUCT_NAME = "$(TARGET_NAME)";
				SWIFT_VERSION = 3.0;
			};
			name = Debug;
		};
		3945672E1F3ABB4E0079D5F1 /* Release */ = {
			isa = XCBuildConfiguration;
			buildSettings = {
				ASSETCATALOG_COMPILER_APPICON_NAME = AppIcon;
				INFOPLIST_FILE = calculator/Info.plist;
				LD_RUNPATH_SEARCH_PATHS = "$(inherited) @executable_path/Frameworks";
				PRODUCT_BUNDLE_IDENTIFIER = com.mwbresnan.calculator;
				PRODUCT_NAME = "$(TARGET_NAME)";
				SWIFT_VERSION = 3.0;
			};
			name = Release;
		};
/* End XCBuildConfiguration section */

/* Begin XCConfigurationList section */
		394567151F3ABB4E0079D5F1 /* Build configuration list for PBXProject "calculator" */ = {
			isa = XCConfigurationList;
			buildConfigurations = (
				3945672A1F3ABB4E0079D5F1 /* Debug */,
				3945672B1F3ABB4E0079D5F1 /* Release */,
			);
			defaultConfigurationIsVisible = 0;
			defaultConfigurationName = Release;
		};
		3945672C1F3ABB4E0079D5F1 /* Build configuration list for PBXNativeTarget "calculator" */ = {
			isa = XCConfigurationList;
			buildConfigurations = (
				3945672D1F3ABB4E0079D5F1 /* Debug */,
				3945672E1F3ABB4E0079D5F1 /* Release */,
			);
			defaultConfigurationIsVisible = 0;
		};
/* End XCConfigurationList section */
	};
	rootObject = 394567121F3ABB4E0079D5F1 /* Project object */;
}
